
Microsoft Visual Studio Solution File, Format Version 12.00
# Visual Studio Version 16
VisualStudioVersion = 16.0.28803.452
MinimumVisualStudioVersion = 10.0.40219.1
Project("{FAE04EC0-301F-11D3-BF4B-00C04F79EFBC}") = "Users", "Users\Users.csproj", "{DDB4F032-027C-4FE7-B1CC-9D11348B383F}"
EndProject
Project("{FAE04EC0-301F-11D3-BF4B-00C04F79EFBC}") = "Domain", "Domain\Domain.csproj", "{EB6E2D86-9673-4DDA-8A17-E8D4FD858C80}"
EndProject
Project("{FAE04EC0-301F-11D3-BF4B-00C04F79EFBC}") = "Infra", "Infra\Infra.csproj", "{9F907FEF-A166-45F9-A33E-74741413F009}"
EndProject
Global
	GlobalSection(SolutionConfigurationPlatforms) = preSolution
		Debug|Any CPU = Debug|Any CPU
		Release|Any CPU = Release|Any CPU
	EndGlobalSection
	GlobalSection(ProjectConfigurationPlatforms) = postSolution
		{DDB4F032-027C-4FE7-B1CC-9D11348B383F}.Debug|Any CPU.ActiveCfg = Debug|Any CPU
		{DDB4F032-027C-4FE7-B1CC-9D11348B383F}.Debug|Any CPU.Build.0 = Debug|Any CPU
		{DDB4F032-027C-4FE7-B1CC-9D11348B383F}.Release|Any CPU.ActiveCfg = Release|Any CPU
		{DDB4F032-027C-4FE7-B1CC-9D11348B383F}.Release|Any CPU.Build.0 = Release|Any CPU
		{EB6E2D86-9673-4DDA-8A17-E8D4FD858C80}.Debug|Any CPU.ActiveCfg = Debug|Any CPU
		{EB6E2D86-9673-4DDA-8A17-E8D4FD858C80}.Debug|Any CPU.Build.0 = Debug|Any CPU
		{EB6E2D86-9673-4DDA-8A17-E8D4FD858C80}.Release|Any CPU.ActiveCfg = Release|Any CPU
		{EB6E2D86-9673-4DDA-8A17-E8D4FD858C80}.Release|Any CPU.Build.0 = Release|Any CPU
		{9F907FEF-A166-45F9-A33E-74741413F009}.Debug|Any CPU.ActiveCfg = Debug|Any CPU
		{9F907FEF-A166-45F9-A33E-74741413F009}.Debug|Any CPU.Build.0 = Debug|Any CPU
		{9F907FEF-A166-45F9-A33E-74741413F009}.Release|Any CPU.ActiveCfg = Release|Any CPU
		{9F907FEF-A166-45F9-A33E-74741413F009}.Release|Any CPU.Build.0 = Release|Any CPU
	EndGlobalSection
	GlobalSection(SolutionProperties) = preSolution
		HideSolutionNode = FALSE
	EndGlobalSection
	GlobalSection(ExtensibilityGlobals) = postSolution
		SolutionGuid = {7D3620C1-AA96-491E-A8AC-EB43B7FFBFDB}
	EndGlobalSection
EndGlobal
